
Microsoft Visual Studio Solution File, Format Version 12.00
# Visual Studio Version 17
VisualStudioVersion = 17.2.32616.157
MinimumVisualStudioVersion = 10.0.40219.1
Project("{FAE04EC0-301F-11D3-BF4B-00C04F79EFBC}") = "MovieAppWithAPI", "MovieAppWithAPI.csproj", "{993A61B4-031D-411D-9EF1-E238C5498EFD}"
EndProject
Global
	GlobalSection(SolutionConfigurationPlatforms) = preSolution
		Debug|Any CPU = Debug|Any CPU
		Release|Any CPU = Release|Any CPU
	EndGlobalSection
	GlobalSection(ProjectConfigurationPlatforms) = postSolution
		{993A61B4-031D-411D-9EF1-E238C5498EFD}.Debug|Any CPU.ActiveCfg = Debug|Any CPU
		{993A61B4-031D-411D-9EF1-E238C5498EFD}.Debug|Any CPU.Build.0 = Debug|Any CPU
		{993A61B4-031D-411D-9EF1-E238C5498EFD}.Release|Any CPU.ActiveCfg = Release|Any CPU
		{993A61B4-031D-411D-9EF1-E238C5498EFD}.Release|Any CPU.Build.0 = Release|Any CPU
	EndGlobalSection
	GlobalSection(SolutionProperties) = preSolution
		HideSolutionNode = FALSE
	EndGlobalSection
	GlobalSection(ExtensibilityGlobals) = postSolution
		SolutionGuid = {320F032C-B2EC-4136-BF9C-57EBD76BA6C5}
	EndGlobalSection
EndGlobal
